// !$*UTF8*$!
{
	archiveVersion = 1;
	classes = {
	};
	objectVersion = 77;
	objects = {

/* Begin PBXContainerItemProxy section */
		71B3B2EF2ECA2BC2007E20F2 /* PBXContainerItemProxy */ = {
			isa = PBXContainerItemProxy;
			containerPortal = 71B3B2D92ECA2BC1007E20F2 /* Project object */;
			proxyType = 1;
			remoteGlobalIDString = 71B3B2E02ECA2BC1007E20F2;
			remoteInfo = SecureNote;
		};
		71B3B2F92ECA2BC2007E20F2 /* PBXContainerItemProxy */ = {
			isa = PBXContainerItemProxy;
			containerPortal = 71B3B2D92ECA2BC1007E20F2 /* Project object */;
			proxyType = 1;
			remoteGlobalIDString = 71B3B2E02ECA2BC1007E20F2;
			remoteInfo = SecureNote;
		};
/* End PBXContainerItemProxy section */

/* Begin PBXFileReference section */
		71B3B2E12ECA2BC1007E20F2 /* SecureNote.app */ = {isa = PBXFileReference; explicitFileType = wrapper.application; includeInIndex = 0; path = SecureNote.app; sourceTree = BUILT_PRODUCTS_DIR; };
		71B3B2EE2ECA2BC2007E20F2 /* SecureNoteTests.xctest */ = {isa = PBXFileReference; explicitFileType = wrapper.cfbundle; includeInIndex = 0; path = SecureNoteTests.xctest; sourceTree = BUILT_PRODUCTS_DIR; };
		71B3B2F82ECA2BC2007E20F2 /* SecureNoteUITests.xctest */ = {isa = PBXFileReference; explicitFileType = wrapper.cfbundle; includeInIndex = 0; path = SecureNoteUITests.xctest; sourceTree = BUILT_PRODUCTS_DIR; };
/* End PBXFileReference section */

/* Begin PBXFileSystemSynchronizedRootGroup section */
		71B3B2E32ECA2BC1007E20F2 /* SecureNote */ = {
			isa = PBXFileSystemSynchronizedRootGroup;
			path = SecureNote;
			sourceTree = "<group>";
		};
		71B3B2F12ECA2BC2007E20F2 /* SecureNoteTests */ = {
			isa = PBXFileSystemSynchronizedRootGroup;
			path = SecureNoteTests;
			sourceTree = "<group>";
		};
		71B3B2FB2ECA2BC2007E20F2 /* SecureNoteUITests */ = {
			isa = PBXFileSystemSynchronizedRootGroup;
			path = SecureNoteUITests;
			sourceTree = "<group>";
		};
/* End PBXFileSystemSynchronizedRootGroup section */

/* Begin PBXFrameworksBuildPhase section */
		71B3B2DE2ECA2BC1007E20F2 /* Frameworks */ = {
			isa = PBXFrameworksBuildPhase;
			buildActionMask = 2147483647;
			files = (
			);
			runOnlyForDeploymentPostprocessing = 0;
		};
		71B3B2EB2ECA2BC2007E20F2 /* Frameworks */ = {
			isa = PBXFrameworksBuildPhase;
			buildActionMask = 2147483647;
			files = (
			);
			runOnlyForDeploymentPostprocessing = 0;
		};
		71B3B2F52ECA2BC2007E20F2 /* Frameworks */ = {
			isa = PBXFrameworksBuildPhase;
			buildActionMask = 2147483647;
			files = (
			);
			runOnlyForDeploymentPostprocessing = 0;
		};
/* End PBXFrameworksBuildPhase section */

/* Begin PBXGroup section */
		71B3B2D82ECA2BC1007E20F2 = {
			isa = PBXGroup;
			children = (
				71B3B2E32ECA2BC1007E20F2 /* SecureNote */,
				71B3B2F12ECA2BC2007E20F2 /* SecureNoteTests */,
				71B3B2FB2ECA2BC2007E20F2 /* SecureNoteUITests */,
				71B3B2E22ECA2BC1007E20F2 /* Products */,
			);
			sourceTree = "<group>";
		};
		71B3B2E22ECA2BC1007E20F2 /* Products */ = {
			isa = PBXGroup;
			children = (
				71B3B2E12ECA2BC1007E20F2 /* SecureNote.app */,
				71B3B2EE2ECA2BC2007E20F2 /* SecureNoteTests.xctest */,
				71B3B2F82ECA2BC2007E20F2 /* SecureNoteUITests.xctest */,
			);
			name = Products;
			sourceTree = "<group>";
		};
/* End PBXGroup section */

/* Begin PBXNativeTarget section */
		71B3B2E02ECA2BC1007E20F2 /* SecureNote */ = {
			isa = PBXNativeTarget;
			buildConfigurationList = 71B3B3022ECA2BC2007E20F2 /* Build configuration list for PBXNativeTarget "SecureNote" */;
			buildPhases = (
				71B3B2DD2ECA2BC1007E20F2 /* Sources */,
				71B3B2DE2ECA2BC1007E20F2 /* Frameworks */,
				71B3B2DF2ECA2BC1007E20F2 /* Resources */,
			);
			buildRules = (
			);
			dependencies = (
			);
			fileSystemSynchronizedGroups = (
				71B3B2E32ECA2BC1007E20F2 /* SecureNote */,
			);
			name = SecureNote;
			packageProductDependencies = (
			);
			productName = SecureNote;
			productReference = 71B3B2E12ECA2BC1007E20F2 /* SecureNote.app */;
			productType = "com.apple.product-type.application";
		};
		71B3B2ED2ECA2BC2007E20F2 /* SecureNoteTests */ = {
			isa = PBXNativeTarget;
			buildConfigurationList = 71B3B3052ECA2BC2007E20F2 /* Build configuration list for PBXNativeTarget "SecureNoteTests" */;
			buildPhases = (
				71B3B2EA2ECA2BC2007E20F2 /* Sources */,
				71B3B2EB2ECA2BC2007E20F2 /* Frameworks */,
				71B3B2EC2ECA2BC2007E20F2 /* Resources */,
			);
			buildRules = (
			);
			dependencies = (
				71B3B2F02ECA2BC2007E20F2 /* PBXTargetDependency */,
			);
			fileSystemSynchronizedGroups = (
				71B3B2F12ECA2BC2007E20F2 /* SecureNoteTests */,
			);
			name = SecureNoteTests;
			packageProductDependencies = (
			);
			productName = SecureNoteTests;
			productReference = 71B3B2EE2ECA2BC2007E20F2 /* SecureNoteTests.xctest */;
			productType = "com.apple.product-type.bundle.unit-test";
		};
		71B3B2F72ECA2BC2007E20F2 /* SecureNoteUITests */ = {
			isa = PBXNativeTarget;
			buildConfigurationList = 71B3B3082ECA2BC2007E20F2 /* Build configuration list for PBXNativeTarget "SecureNoteUITests" */;
			buildPhases = (
				71B3B2F42ECA2BC2007E20F2 /* Sources */,
				71B3B2F52ECA2BC2007E20F2 /* Frameworks */,
				71B3B2F62ECA2BC2007E20F2 /* Resources */,
			);
			buildRules = (
			);
			dependencies = (
				71B3B2FA2ECA2BC2007E20F2 /* PBXTargetDependency */,
			);
			fileSystemSynchronizedGroups = (
				71B3B2FB2ECA2BC2007E20F2 /* SecureNoteUITests */,
			);
			name = SecureNoteUITests;
			packageProductDependencies = (
			);
			productName = SecureNoteUITests;
			productReference = 71B3B2F82ECA2BC2007E20F2 /* SecureNoteUITests.xctest */;
			productType = "com.apple.product-type.bundle.ui-testing";
		};
/* End PBXNativeTarget section */

/* Begin PBXProject section */
		71B3B2D92ECA2BC1007E20F2 /* Project object */ = {
			isa = PBXProject;
			attributes = {
				BuildIndependentTargetsInParallel = 1;
				LastSwiftUpdateCheck = 2610;
				LastUpgradeCheck = 2610;
				TargetAttributes = {
					71B3B2E02ECA2BC1007E20F2 = {
						CreatedOnToolsVersion = 26.1.1;
					};
					71B3B2ED2ECA2BC2007E20F2 = {
						CreatedOnToolsVersion = 26.1.1;
						TestTargetID = 71B3B2E02ECA2BC1007E20F2;
					};
					71B3B2F72ECA2BC2007E20F2 = {
						CreatedOnToolsVersion = 26.1.1;
						TestTargetID = 71B3B2E02ECA2BC1007E20F2;
					};
				};
			};
			buildConfigurationList = 71B3B2DC2ECA2BC1007E20F2 /* Build configuration list for PBXProject "SecureNote" */;
			developmentRegion = en;
			hasScannedForEncodings = 0;
			knownRegions = (
				en,
				Base,
			);
			mainGroup = 71B3B2D82ECA2BC1007E20F2;
			minimizedProjectReferenceProxies = 1;
			preferredProjectObjectVersion = 77;
			productRefGroup = 71B3B2E22ECA2BC1007E20F2 /* Products */;
			projectDirPath = "";
			projectRoot = "";
			targets = (
				71B3B2E02ECA2BC1007E20F2 /* SecureNote */,
				71B3B2ED2ECA2BC2007E20F2 /* SecureNoteTests */,
				71B3B2F72ECA2BC2007E20F2 /* SecureNoteUITests */,
			);
		};
/* End PBXProject section */

/* Begin PBXResourcesBuildPhase section */
		71B3B2DF2ECA2BC1007E20F2 /* Resources */ = {
			isa = PBXResourcesBuildPhase;
			buildActionMask = 2147483647;
			files = (
			);
			runOnlyForDeploymentPostprocessing = 0;
		};
		71B3B2EC2ECA2BC2007E20F2 /* Resources */ = {
			isa = PBXResourcesBuildPhase;
			buildActionMask = 2147483647;
			files = (
			);
			runOnlyForDeploymentPostprocessing = 0;
		};
		71B3B2F62ECA2BC2007E20F2 /* Resources */ = {
			isa = PBXResourcesBuildPhase;
			buildActionMask = 2147483647;
			files = (
			);
			runOnlyForDeploymentPostprocessing = 0;
		};
/* End PBXResourcesBuildPhase section */

/* Begin PBXSourcesBuildPhase section */
		71B3B2DD2ECA2BC1007E20F2 /* Sources */ = {
			isa = PBXSourcesBuildPhase;
			buildActionMask = 2147483647;
			files = (
			);
			runOnlyForDeploymentPostprocessing = 0;
		};
		71B3B2EA2ECA2BC2007E20F2 /* Sources */ = {
			isa = PBXSourcesBuildPhase;
			buildActionMask = 2147483647;
			files = (
			);
			runOnlyForDeploymentPostprocessing = 0;
		};
		71B3B2F42ECA2BC2007E20F2 /* Sources */ = {
			isa = PBXSourcesBuildPhase;
			buildActionMask = 2147483647;
			files = (
			);
			runOnlyForDeploymentPostprocessing = 0;
		};
/* End PBXSourcesBuildPhase section */

/* Begin PBXTargetDependency section */
		71B3B2F02ECA2BC2007E20F2 /* PBXTargetDependency */ = {
			isa = PBXTargetDependency;
			target = 71B3B2E02ECA2BC1007E20F2 /* SecureNote */;
			targetProxy = 71B3B2EF2ECA2BC2007E20F2 /* PBXContainerItemProxy */;
		};
		71B3B2FA2ECA2BC2007E20F2 /* PBXTargetDependency */ = {
			isa = PBXTargetDependency;
			target = 71B3B2E02ECA2BC1007E20F2 /* SecureNote */;
			targetProxy = 71B3B2F92ECA2BC2007E20F2 /* PBXContainerItemProxy */;
		};
/* End PBXTargetDependency section */

/* Begin XCBuildConfiguration section */
		71B3B3002ECA2BC2007E20F2 /* Debug */ = {
			isa = XCBuildConfiguration;
			buildSettings = {
				ALWAYS_SEARCH_USER_PATHS = NO;
				ASSETCATALOG_COMPILER_GENERATE_SWIFT_ASSET_SYMBOL_EXTENSIONS = YES;
				CLANG_ANALYZER_NONNULL = YES;
				CLANG_ANALYZER_NUMBER_OBJECT_CONVERSION = YES_AGGRESSIVE;
				CLANG_CXX_LANGUAGE_STANDARD = "gnu++20";
				CLANG_ENABLE_MODULES = YES;
				CLANG_ENABLE_OBJC_ARC = YES;
				CLANG_ENABLE_OBJC_WEAK = YES;
				CLANG_WARN_BLOCK_CAPTURE_AUTORELEASING = YES;
				CLANG_WARN_BOOL_CONVERSION = YES;
				CLANG_WARN_COMMA = YES;
				CLANG_WARN_CONSTANT_CONVERSION = YES;
				CLANG_WARN_DEPRECATED_OBJC_IMPLEMENTATIONS = YES;
				CLANG_WARN_DIRECT_OBJC_ISA_USAGE = YES_ERROR;
				CLANG_WARN_DOCUMENTATION_COMMENTS = YES;
				CLANG_WARN_EMPTY_BODY = YES;
				CLANG_WARN_ENUM_CONVERSION = YES;
				CLANG_WARN_INFINITE_RECURSION = YES;
				CLANG_WARN_INT_CONVERSION = YES;
				CLANG_WARN_NON_LITERAL_NULL_CONVERSION = YES;
				CLANG_WARN_OBJC_IMPLICIT_RETAIN_SELF = YES;
				CLANG_WARN_OBJC_LITERAL_CONVERSION = YES;
				CLANG_WARN_OBJC_ROOT_CLASS = YES_ERROR;
				CLANG_WARN_QUOTED_INCLUDE_IN_FRAMEWORK_HEADER = YES;
				CLANG_WARN_RANGE_LOOP_ANALYSIS = YES;
				CLANG_WARN_STRICT_PROTOTYPES = YES;
				CLANG_WARN_SUSPICIOUS_MOVE = YES;
				CLANG_WARN_UNGUARDED_AVAILABILITY = YES_AGGRESSIVE;
				CLANG_WARN_UNREACHABLE_CODE = YES;
				CLANG_WARN__DUPLICATE_METHOD_MATCH = YES;
				COPY_PHASE_STRIP = NO;
				DEBUG_INFORMATION_FORMAT = dwarf;
				ENABLE_STRICT_OBJC_MSGSEND = YES;
				ENABLE_TESTABILITY = YES;
				ENABLE_USER_SCRIPT_SANDBOXING = YES;
				GCC_C_LANGUAGE_STANDARD = gnu17;
				GCC_DYNAMIC_NO_PIC = NO;
				GCC_NO_COMMON_BLOCKS = YES;
				GCC_OPTIMIZATION_LEVEL = 0;
				GCC_PREPROCESSOR_DEFINITIONS = (
					"DEBUG=1",
					"$(inherited)",
				);
				GCC_WARN_64_TO_32_BIT_CONVERSION = YES;
				GCC_WARN_ABOUT_RETURN_TYPE = YES_ERROR;
				GCC_WARN_UNDECLARED_SELECTOR = YES;
				GCC_WARN_UNINITIALIZED_AUTOS = YES_AGGRESSIVE;
				GCC_WARN_UNUSED_FUNCTION = YES;
				GCC_WARN_UNUSED_VARIABLE = YES;
				IPHONEOS_DEPLOYMENT_TARGET = 26.1;
				LOCALIZATION_PREFERS_STRING_CATALOGS = YES;
				MTL_ENABLE_DEBUG_INFO = INCLUDE_SOURCE;
				MTL_FAST_MATH = YES;
				ONLY_ACTIVE_ARCH = YES;
				SDKROOT = iphoneos;
				SWIFT_ACTIVE_COMPILATION_CONDITIONS = "DEBUG $(inherited)";
				SWIFT_OPTIMIZATION_LEVEL = "-Onone";
			};
			name = Debug;
		};
		71B3B3012ECA2BC2007E20F2 /* Release */ = {
			isa = XCBuildConfiguration;
			buildSettings = {
				ALWAYS_SEARCH_USER_PATHS = NO;
				ASSETCATALOG_COMPILER_GENERATE_SWIFT_ASSET_SYMBOL_EXTENSIONS = YES;
				CLANG_ANALYZER_NONNULL = YES;
				CLANG_ANALYZER_NUMBER_OBJECT_CONVERSION = YES_AGGRESSIVE;
				CLANG_CXX_LANGUAGE_STANDARD = "gnu++20";
				CLANG_ENABLE_MODULES = YES;
				CLANG_ENABLE_OBJC_ARC = YES;
				CLANG_ENABLE_OBJC_WEAK = YES;
				CLANG_WARN_BLOCK_CAPTURE_AUTORELEASING = YES;
				CLANG_WARN_BOOL_CONVERSION = YES;
				CLANG_WARN_COMMA = YES;
				CLANG_WARN_CONSTANT_CONVERSION = YES;
				CLANG_WARN_DEPRECATED_OBJC_IMPLEMENTATIONS = YES;
				CLANG_WARN_DIRECT_OBJC_ISA_USAGE = YES_ERROR;
				CLANG_WARN_DOCUMENTATION_COMMENTS = YES;
				CLANG_WARN_EMPTY_BODY = YES;
				CLANG_WARN_ENUM_CONVERSION = YES;
				CLANG_WARN_INFINITE_RECURSION = YES;
				CLANG_WARN_INT_CONVERSION = YES;
				CLANG_WARN_NON_LITERAL_NULL_CONVERSION = YES;
				CLANG_WARN_OBJC_IMPLICIT_RETAIN_SELF = YES;
				CLANG_WARN_OBJC_LITERAL_CONVERSION = YES;
				CLANG_WARN_OBJC_ROOT_CLASS = YES_ERROR;
				CLANG_WARN_QUOTED_INCLUDE_IN_FRAMEWORK_HEADER = YES;
				CLANG_WARN_RANGE_LOOP_ANALYSIS = YES;
				CLANG_WARN_STRICT_PROTOTYPES = YES;
				CLANG_WARN_SUSPICIOUS_MOVE = YES;
				CLANG_WARN_UNGUARDED_AVAILABILITY = YES_AGGRESSIVE;
				CLANG_WARN_UNREACHABLE_CODE = YES;
				CLANG_WARN__DUPLICATE_METHOD_MATCH = YES;
				COPY_PHASE_STRIP = NO;
				DEBUG_INFORMATION_FORMAT = "dwarf-with-dsym";
				ENABLE_NS_ASSERTIONS = NO;
				ENABLE_STRICT_OBJC_MSGSEND = YES;
				ENABLE_USER_SCRIPT_SANDBOXING = YES;
				GCC_C_LANGUAGE_STANDARD = gnu17;
				GCC_NO_COMMON_BLOCKS = YES;
				GCC_WARN_64_TO_32_BIT_CONVERSION = YES;
				GCC_WARN_ABOUT_RETURN_TYPE = YES_ERROR;
				GCC_WARN_UNDECLARED_SELECTOR = YES;
				GCC_WARN_UNINITIALIZED_AUTOS = YES_AGGRESSIVE;
				GCC_WARN_UNUSED_FUNCTION = YES;
				GCC_WARN_UNUSED_VARIABLE = YES;
				IPHONEOS_DEPLOYMENT_TARGET = 26.1;
				LOCALIZATION_PREFERS_STRING_CATALOGS = YES;
				MTL_ENABLE_DEBUG_INFO = NO;
				MTL_FAST_MATH = YES;
				SDKROOT = iphoneos;
				SWIFT_COMPILATION_MODE = wholemodule;
				VALIDATE_PRODUCT = YES;
			};
			name = Release;
		};
		71B3B3032ECA2BC2007E20F2 /* Debug */ = {
			isa = XCBuildConfiguration;
			buildSettings = {
				ASSETCATALOG_COMPILER_APPICON_NAME = AppIcon;
				ASSETCATALOG_COMPILER_GLOBAL_ACCENT_COLOR_NAME = AccentColor;
				CODE_SIGN_STYLE = Automatic;
				CURRENT_PROJECT_VERSION = 1;
				ENABLE_PREVIEWS = YES;
				GENERATE_INFOPLIST_FILE = YES;
				INFOPLIST_KEY_UIApplicationSceneManifest_Generation = YES;
				INFOPLIST_KEY_UIApplicationSupportsIndirectInputEvents = YES;
				INFOPLIST_KEY_UILaunchScreen_Generation = YES;
				INFOPLIST_KEY_UISupportedInterfaceOrientations_iPad = "UIInterfaceOrientationPortrait UIInterfaceOrientationPortraitUpsideDown UIInterfaceOrientationLandscapeLeft UIInterfaceOrientationLandscapeRight";
				INFOPLIST_KEY_UISupportedInterfaceOrientations_iPhone = "UIInterfaceOrientationPortrait UIInterfaceOrientationLandscapeLeft UIInterfaceOrientationLandscapeRight";
				LD_RUNPATH_SEARCH_PATHS = (
					"$(inherited)",
					"@executable_path/Frameworks",
				);
				MARKETING_VERSION = 1.0;
				PRODUCT_BUNDLE_IDENTIFIER = dogukan.SecureNote;
				PRODUCT_NAME = "$(TARGET_NAME)";
				STRING_CATALOG_GENERATE_SYMBOLS = YES;
				SWIFT_APPROACHABLE_CONCURRENCY = YES;
				SWIFT_DEFAULT_ACTOR_ISOLATION = MainActor;
				SWIFT_EMIT_LOC_STRINGS = YES;
				SWIFT_UPCOMING_FEATURE_MEMBER_IMPORT_VISIBILITY = YES;
				SWIFT_VERSION = 5.0;
				TARGETED_DEVICE_FAMILY = "1,2";
			};
			name = Debug;
		};
		71B3B3042ECA2BC2007E20F2 /* Release */ = {
			isa = XCBuildConfiguration;
			buildSettings = {
				ASSETCATALOG_COMPILER_APPICON_NAME = AppIcon;
				ASSETCATALOG_COMPILER_GLOBAL_ACCENT_COLOR_NAME = AccentColor;
				CODE_SIGN_STYLE = Automatic;
				CURRENT_PROJECT_VERSION = 1;
				ENABLE_PREVIEWS = YES;
				GENERATE_INFOPLIST_FILE = YES;
				INFOPLIST_KEY_UIApplicationSceneManifest_Generation = YES;
				INFOPLIST_KEY_UIApplicationSupportsIndirectInputEvents = YES;
				INFOPLIST_KEY_UILaunchScreen_Generation = YES;
				INFOPLIST_KEY_UISupportedInterfaceOrientations_iPad = "UIInterfaceOrientationPortrait UIInterfaceOrientationPortraitUpsideDown UIInterfaceOrientationLandscapeLeft UIInterfaceOrientationLandscapeRight";
				INFOPLIST_KEY_UISupportedInterfaceOrientations_iPhone = "UIInterfaceOrientationPortrait UIInterfaceOrientationLandscapeLeft UIInterfaceOrientationLandscapeRight";
				LD_RUNPATH_SEARCH_PATHS = (
					"$(inherited)",
					"@executable_path/Frameworks",
				);
				MARKETING_VERSION = 1.0;
				PRODUCT_BUNDLE_IDENTIFIER = dogukan.SecureNote;
				PRODUCT_NAME = "$(TARGET_NAME)";
				STRING_CATALOG_GENERATE_SYMBOLS = YES;
				SWIFT_APPROACHABLE_CONCURRENCY = YES;
				SWIFT_DEFAULT_ACTOR_ISOLATION = MainActor;
				SWIFT_EMIT_LOC_STRINGS = YES;
				SWIFT_UPCOMING_FEATURE_MEMBER_IMPORT_VISIBILITY = YES;
				SWIFT_VERSION = 5.0;
				TARGETED_DEVICE_FAMILY = "1,2";
			};
			name = Release;
		};
		71B3B3062ECA2BC2007E20F2 /* Debug */ = {
			isa = XCBuildConfiguration;
			buildSettings = {
				BUNDLE_LOADER = "$(TEST_HOST)";
				CODE_SIGN_STYLE = Automatic;
				CURRENT_PROJECT_VERSION = 1;
				GENERATE_INFOPLIST_FILE = YES;
				IPHONEOS_DEPLOYMENT_TARGET = 26.1;
				MARKETING_VERSION = 1.0;
				PRODUCT_BUNDLE_IDENTIFIER = dogukan.SecureNoteTests;
				PRODUCT_NAME = "$(TARGET_NAME)";
				STRING_CATALOG_GENERATE_SYMBOLS = NO;
				SWIFT_APPROACHABLE_CONCURRENCY = YES;
				SWIFT_EMIT_LOC_STRINGS = NO;
				SWIFT_UPCOMING_FEATURE_MEMBER_IMPORT_VISIBILITY = YES;
				SWIFT_VERSION = 5.0;
				TARGETED_DEVICE_FAMILY = "1,2";
				TEST_HOST = "$(BUILT_PRODUCTS_DIR)/SecureNote.app/$(BUNDLE_EXECUTABLE_FOLDER_PATH)/SecureNote";
			};
			name = Debug;
		};
		71B3B3072ECA2BC2007E20F2 /* Release */ = {
			isa = XCBuildConfiguration;
			buildSettings = {
				BUNDLE_LOADER = "$(TEST_HOST)";
				CODE_SIGN_STYLE = Automatic;
				CURRENT_PROJECT_VERSION = 1;
				GENERATE_INFOPLIST_FILE = YES;
				IPHONEOS_DEPLOYMENT_TARGET = 26.1;
				MARKETING_VERSION = 1.0;
				PRODUCT_BUNDLE_IDENTIFIER = dogukan.SecureNoteTests;
				PRODUCT_NAME = "$(TARGET_NAME)";
				STRING_CATALOG_GENERATE_SYMBOLS = NO;
				SWIFT_APPROACHABLE_CONCURRENCY = YES;
				SWIFT_EMIT_LOC_STRINGS = NO;
				SWIFT_UPCOMING_FEATURE_MEMBER_IMPORT_VISIBILITY = YES;
				SWIFT_VERSION = 5.0;
				TARGETED_DEVICE_FAMILY = "1,2";
				TEST_HOST = "$(BUILT_PRODUCTS_DIR)/SecureNote.app/$(BUNDLE_EXECUTABLE_FOLDER_PATH)/SecureNote";
			};
			name = Release;
		};
		71B3B3092ECA2BC2007E20F2 /* Debug */ = {
			isa = XCBuildConfiguration;
			buildSettings = {
				CODE_SIGN_STYLE = Automatic;
				CURRENT_PROJECT_VERSION = 1;
				GENERATE_INFOPLIST_FILE = YES;
				MARKETING_VERSION = 1.0;
				PRODUCT_BUNDLE_IDENTIFIER = dogukan.SecureNoteUITests;
				PRODUCT_NAME = "$(TARGET_NAME)";
				STRING_CATALOG_GENERATE_SYMBOLS = NO;
				SWIFT_APPROACHABLE_CONCURRENCY = YES;
				SWIFT_EMIT_LOC_STRINGS = NO;
				SWIFT_UPCOMING_FEATURE_MEMBER_IMPORT_VISIBILITY = YES;
				SWIFT_VERSION = 5.0;
				TARGETED_DEVICE_FAMILY = "1,2";
				TEST_TARGET_NAME = SecureNote;
			};
			name = Debug;
		};
		71B3B30A2ECA2BC2007E20F2 /* Release */ = {
			isa = XCBuildConfiguration;
			buildSettings = {
				CODE_SIGN_STYLE = Automatic;
				CURRENT_PROJECT_VERSION = 1;
				GENERATE_INFOPLIST_FILE = YES;
				MARKETING_VERSION = 1.0;
				PRODUCT_BUNDLE_IDENTIFIER = dogukan.SecureNoteUITests;
				PRODUCT_NAME = "$(TARGET_NAME)";
				STRING_CATALOG_GENERATE_SYMBOLS = NO;
				SWIFT_APPROACHABLE_CONCURRENCY = YES;
				SWIFT_EMIT_LOC_STRINGS = NO;
				SWIFT_UPCOMING_FEATURE_MEMBER_IMPORT_VISIBILITY = YES;
				SWIFT_VERSION = 5.0;
				TARGETED_DEVICE_FAMILY = "1,2";
				TEST_TARGET_NAME = SecureNote;
			};
			name = Release;
		};
/* End XCBuildConfiguration section */

/* Begin XCConfigurationList section */
		71B3B2DC2ECA2BC1007E20F2 /* Build configuration list for PBXProject "SecureNote" */ = {
			isa = XCConfigurationList;
			buildConfigurations = (
				71B3B3002ECA2BC2007E20F2 /* Debug */,
				71B3B3012ECA2BC2007E20F2 /* Release */,
			);
			defaultConfigurationIsVisible = 0;
			defaultConfigurationName = Release;
		};
		71B3B3022ECA2BC2007E20F2 /* Build configuration list for PBXNativeTarget "SecureNote" */ = {
			isa = XCConfigurationList;
			buildConfigurations = (
				71B3B3032ECA2BC2007E20F2 /* Debug */,
				71B3B3042ECA2BC2007E20F2 /* Release */,
			);
			defaultConfigurationIsVisible = 0;
			defaultConfigurationName = Release;
		};
		71B3B3052ECA2BC2007E20F2 /* Build configuration list for PBXNativeTarget "SecureNoteTests" */ = {
			isa = XCConfigurationList;
			buildConfigurations = (
				71B3B3062ECA2BC2007E20F2 /* Debug */,
				71B3B3072ECA2BC2007E20F2 /* Release */,
			);
			defaultConfigurationIsVisible = 0;
			defaultConfigurationName = Release;
		};
		71B3B3082ECA2BC2007E20F2 /* Build configuration list for PBXNativeTarget "SecureNoteUITests" */ = {
			isa = XCConfigurationList;
			buildConfigurations = (
				71B3B3092ECA2BC2007E20F2 /* Debug */,
				71B3B30A2ECA2BC2007E20F2 /* Release */,
			);
			defaultConfigurationIsVisible = 0;
			defaultConfigurationName = Release;
		};
/* End XCConfigurationList section */
	};
	rootObject = 71B3B2D92ECA2BC1007E20F2 /* Project object */;
}
